
Microsoft Visual Studio Solution File, Format Version 12.00
# Visual Studio Version 16
VisualStudioVersion = 16.0.31829.152
MinimumVisualStudioVersion = 10.0.40219.1
Project("{FAE04EC0-301F-11D3-BF4B-00C04F79EFBC}") = "Musik-Affär", "Musik-Affär.csproj", "{AB512E0F-D492-4AFD-AF4F-6370C542CE19}"
EndProject
Global
	GlobalSection(SolutionConfigurationPlatforms) = preSolution
		Debug|Any CPU = Debug|Any CPU
		Release|Any CPU = Release|Any CPU
	EndGlobalSection
	GlobalSection(ProjectConfigurationPlatforms) = postSolution
		{AB512E0F-D492-4AFD-AF4F-6370C542CE19}.Debug|Any CPU.ActiveCfg = Debug|Any CPU
		{AB512E0F-D492-4AFD-AF4F-6370C542CE19}.Debug|Any CPU.Build.0 = Debug|Any CPU
		{AB512E0F-D492-4AFD-AF4F-6370C542CE19}.Release|Any CPU.ActiveCfg = Release|Any CPU
		{AB512E0F-D492-4AFD-AF4F-6370C542CE19}.Release|Any CPU.Build.0 = Release|Any CPU
	EndGlobalSection
	GlobalSection(SolutionProperties) = preSolution
		HideSolutionNode = FALSE
	EndGlobalSection
	GlobalSection(ExtensibilityGlobals) = postSolution
		SolutionGuid = {8A36EFE8-4C21-4842-BC04-0A78E92868C8}
	EndGlobalSection
EndGlobal
